PODS:
  - Alamofire (4.9.0)
  - BigInt (4.0.0)
  - BitcoinCashKit.swift (0.8.0):
    - Alamofire (~> 4.0)
    - BigInt (~> 4.0)
    - BitcoinCore.swift (~> 0.8.0)
    - GRDB.swift (~> 4.0)
    - HSCryptoKit (~> 1.4)
    - HSHDWalletKit (~> 1.2)
    - ObjectMapper (~> 3.0)
    - RxSwift (~> 5.0)
  - BitcoinCore.swift (0.8.0):
    - Alamofire (~> 4.0)
    - BigInt (~> 4.0)
    - GRDB.swift (~> 4.0)
    - HSCryptoKit (~> 1.4)
    - HSHDWalletKit (~> 1.2)
    - ObjectMapper (~> 3.0)
    - RxSwift (~> 5.0)
  - BitcoinKit.swift (0.8.0):
    - Alamofire (~> 4.0)
    - BigInt (~> 4.0)
    - BitcoinCore.swift (~> 0.8.0)
    - GRDB.swift (~> 4.0)
    - HSCryptoKit (~> 1.4)
    - HSHDWalletKit (~> 1.2)
    - ObjectMapper (~> 3.0)
    - RxSwift (~> 5.0)
  - Cuckoo (1.2.0):
    - Cuckoo/Swift (= 1.2.0)
  - Cuckoo/Swift (1.2.0)
  - GRDB.swift (4.4.0):
    - GRDB.swift/standard (= 4.4.0)
  - GRDB.swift/standard (4.4.0)
  - HSCryptoKit (1.5.0)
  - HSHDWalletKit (1.2.0):
    - HSCryptoKit (~> 1)
  - Nimble (8.0.4)
  - ObjectMapper (3.5.1)
  - Quick (2.2.0)
  - RSSelectionMenu (6.0.6)
  - RxSwift (5.0.0)

DEPENDENCIES:
  - BitcoinCashKit.swift (from `https://github.com/horizontalsystems/bitcoin-kit-ios/`)
  - BitcoinCore.swift (from `https://github.com/horizontalsystems/bitcoin-kit-ios/`)
  - BitcoinKit.swift (from `https://github.com/horizontalsystems/bitcoin-kit-ios/`)
  - Cuckoo
  - GRDB.swift (~> 4.0)
  - HSCryptoKit (~> 1.4)
  - HSHDWalletKit (~> 1)
  - Nimble
  - Quick
  - RSSelectionMenu
  - RxSwift (~> 5.0)

SPEC REPOS:
  https://github.com/cocoapods/specs.git:
    - Alamofire
    - BigInt
    - Cuckoo
    - GRDB.swift
    - HSCryptoKit
    - HSHDWalletKit
    - Nimble
    - ObjectMapper
    - Quick
    - RSSelectionMenu
    - RxSwift

EXTERNAL SOURCES:
  BitcoinCashKit.swift:
    :git: https://github.com/horizontalsystems/bitcoin-kit-ios/
  BitcoinCore.swift:
    :git: https://github.com/horizontalsystems/bitcoin-kit-ios/
  BitcoinKit.swift:
    :git: https://github.com/horizontalsystems/bitcoin-kit-ios/

CHECKOUT OPTIONS:
  BitcoinCashKit.swift:
    :commit: 5d02ef8ffa653c5ab9876d81bec0b73f1cf8c93e
    :git: https://github.com/horizontalsystems/bitcoin-kit-ios/
  BitcoinCore.swift:
    :commit: 5d02ef8ffa653c5ab9876d81bec0b73f1cf8c93e
    :git: https://github.com/horizontalsystems/bitcoin-kit-ios/
  BitcoinKit.swift:
    :commit: 5d02ef8ffa653c5ab9876d81bec0b73f1cf8c93e
    :git: https://github.com/horizontalsystems/bitcoin-kit-ios/

SPEC CHECKSUMS:
  Alamofire: afc3e7c6db61476cb45cdd23fed06bad03bbc321
  BigInt: 2aad1a9942dc932ec8b84290d2c564a3d76f97ab
  BitcoinCashKit.swift: f2b22165900683ffca70c4cb5df1e15dacd776c9
  BitcoinCore.swift: a7214de8ec77ef06902618cc026aa93c54c78db4
  BitcoinKit.swift: e5c03eb95ccd8d50a124fb55d2b3abd2bed53ec5
  Cuckoo: f5f4e7c308c512cc2dedbdce23f5dc6985cb5173
  GRDB.swift: 4f9b6e7efc9470426f6a6de10ec1fee798ff7e43
  HSCryptoKit: 514a3111fd37ad18b7261d4a55271daaba3b0eb9
  HSHDWalletKit: 6f5d5b1f9b1f950c948bdff13f5f52e5c5bcb7bb
  Nimble: 18d5360282923225d62b09d781f63abc1a0111fc
  ObjectMapper: 70187b8941977c62ccfb423caf6b50be405cabf0
  Quick: 7fb19e13be07b5dfb3b90d4f9824c855a11af40e
  RSSelectionMenu: d41b6e31094283358c9d0b756b177d76b83066df
  RxSwift: 8b0671caa829a763bbce7271095859121cbd895f

PODFILE CHECKSUM: 6036ad7eb9a65026816b3459ba937680bffb613a

COCOAPODS: 1.7.4
